
Microsoft Visual Studio Solution File, Format Version 12.00
# Visual Studio 15
VisualStudioVersion = 15.0.27703.2047
MinimumVisualStudioVersion = 10.0.40219.1
Project("{2150E333-8FDC-42A3-9474-1A3956D46DE8}") = "Samples", "Samples", "{1821C660-299A-4BEE-8828-32911AE7F42F}"
EndProject
Project("{9A19103F-16F7-4668-BE54-9A1E7A4F7556}") = "EmitMapper.Core", "EmitMapper.Core\EmitMapper.Core.csproj", "{3A90EDE4-5AD2-476A-8553-3E188E8E622F}"
EndProject
Project("{9A19103F-16F7-4668-BE54-9A1E7A4F7556}") = "EmitMapperCore.Tests", "EmitMapperCore.Tests\EmitMapperCore.Tests.csproj", "{8289EB3E-9C02-4A25-B8F1-B9AB33F38AB9}"
EndProject
Project("{9A19103F-16F7-4668-BE54-9A1E7A4F7556}") = "EMConfigurations.Core", "Samples\EMConfigurations.Core\EMConfigurations.Core.csproj", "{65F3C9E3-DB9D-4469-A183-EC34E558621C}"
EndProject
Project("{9A19103F-16F7-4668-BE54-9A1E7A4F7556}") = "LIghtDataAccess.Core", "Samples\LIghtDataAccess.Core\LIghtDataAccess.Core.csproj", "{A5CEDA63-29C3-421F-A534-74F39E5A622D}"
EndProject
Project("{9A19103F-16F7-4668-BE54-9A1E7A4F7556}") = "SamplesTests.Core", "SamplesTests.Core\SamplesTests.Core.csproj", "{1D8E0B30-0163-408D-AAA8-71832E840B9C}"
EndProject
Project("{9A19103F-16F7-4668-BE54-9A1E7A4F7556}") = "Benchmarks.Core", "Samples\Benchmarks.Core\Benchmarks.Core.csproj", "{69E48C60-7A87-49DB-9F1D-1D813FBB79AD}"
EndProject
Global
	GlobalSection(SolutionConfigurationPlatforms) = preSolution
		Debug|Any CPU = Debug|Any CPU
		Develog|Any CPU = Develog|Any CPU
		Release|Any CPU = Release|Any CPU
	EndGlobalSection
	GlobalSection(ProjectConfigurationPlatforms) = postSolution
		{3A90EDE4-5AD2-476A-8553-3E188E8E622F}.Debug|Any CPU.ActiveCfg = Debug|Any CPU
		{3A90EDE4-5AD2-476A-8553-3E188E8E622F}.Debug|Any CPU.Build.0 = Debug|Any CPU
		{3A90EDE4-5AD2-476A-8553-3E188E8E622F}.Develog|Any CPU.ActiveCfg = Debug|Any CPU
		{3A90EDE4-5AD2-476A-8553-3E188E8E622F}.Develog|Any CPU.Build.0 = Debug|Any CPU
		{3A90EDE4-5AD2-476A-8553-3E188E8E622F}.Release|Any CPU.ActiveCfg = Release|Any CPU
		{3A90EDE4-5AD2-476A-8553-3E188E8E622F}.Release|Any CPU.Build.0 = Release|Any CPU
		{8289EB3E-9C02-4A25-B8F1-B9AB33F38AB9}.Debug|Any CPU.ActiveCfg = Debug|Any CPU
		{8289EB3E-9C02-4A25-B8F1-B9AB33F38AB9}.Debug|Any CPU.Build.0 = Debug|Any CPU
		{8289EB3E-9C02-4A25-B8F1-B9AB33F38AB9}.Develog|Any CPU.ActiveCfg = Debug|Any CPU
		{8289EB3E-9C02-4A25-B8F1-B9AB33F38AB9}.Develog|Any CPU.Build.0 = Debug|Any CPU
		{8289EB3E-9C02-4A25-B8F1-B9AB33F38AB9}.Release|Any CPU.ActiveCfg = Release|Any CPU
		{8289EB3E-9C02-4A25-B8F1-B9AB33F38AB9}.Release|Any CPU.Build.0 = Release|Any CPU
		{65F3C9E3-DB9D-4469-A183-EC34E558621C}.Debug|Any CPU.ActiveCfg = Debug|Any CPU
		{65F3C9E3-DB9D-4469-A183-EC34E558621C}.Debug|Any CPU.Build.0 = Debug|Any CPU
		{65F3C9E3-DB9D-4469-A183-EC34E558621C}.Develog|Any CPU.ActiveCfg = Debug|Any CPU
		{65F3C9E3-DB9D-4469-A183-EC34E558621C}.Develog|Any CPU.Build.0 = Debug|Any CPU
		{65F3C9E3-DB9D-4469-A183-EC34E558621C}.Release|Any CPU.ActiveCfg = Release|Any CPU
		{65F3C9E3-DB9D-4469-A183-EC34E558621C}.Release|Any CPU.Build.0 = Release|Any CPU
		{A5CEDA63-29C3-421F-A534-74F39E5A622D}.Debug|Any CPU.ActiveCfg = Debug|Any CPU
		{A5CEDA63-29C3-421F-A534-74F39E5A622D}.Debug|Any CPU.Build.0 = Debug|Any CPU
		{A5CEDA63-29C3-421F-A534-74F39E5A622D}.Develog|Any CPU.ActiveCfg = Debug|Any CPU
		{A5CEDA63-29C3-421F-A534-74F39E5A622D}.Develog|Any CPU.Build.0 = Debug|Any CPU
		{A5CEDA63-29C3-421F-A534-74F39E5A622D}.Release|Any CPU.ActiveCfg = Release|Any CPU
		{A5CEDA63-29C3-421F-A534-74F39E5A622D}.Release|Any CPU.Build.0 = Release|Any CPU
		{1D8E0B30-0163-408D-AAA8-71832E840B9C}.Debug|Any CPU.ActiveCfg = Debug|Any CPU
		{1D8E0B30-0163-408D-AAA8-71832E840B9C}.Debug|Any CPU.Build.0 = Debug|Any CPU
		{1D8E0B30-0163-408D-AAA8-71832E840B9C}.Develog|Any CPU.ActiveCfg = Debug|Any CPU
		{1D8E0B30-0163-408D-AAA8-71832E840B9C}.Develog|Any CPU.Build.0 = Debug|Any CPU
		{1D8E0B30-0163-408D-AAA8-71832E840B9C}.Release|Any CPU.ActiveCfg = Release|Any CPU
		{1D8E0B30-0163-408D-AAA8-71832E840B9C}.Release|Any CPU.Build.0 = Release|Any CPU
		{69E48C60-7A87-49DB-9F1D-1D813FBB79AD}.Debug|Any CPU.ActiveCfg = Debug|Any CPU
		{69E48C60-7A87-49DB-9F1D-1D813FBB79AD}.Debug|Any CPU.Build.0 = Debug|Any CPU
		{69E48C60-7A87-49DB-9F1D-1D813FBB79AD}.Develog|Any CPU.ActiveCfg = Debug|Any CPU
		{69E48C60-7A87-49DB-9F1D-1D813FBB79AD}.Develog|Any CPU.Build.0 = Debug|Any CPU
		{69E48C60-7A87-49DB-9F1D-1D813FBB79AD}.Release|Any CPU.ActiveCfg = Release|Any CPU
		{69E48C60-7A87-49DB-9F1D-1D813FBB79AD}.Release|Any CPU.Build.0 = Release|Any CPU
	EndGlobalSection
	GlobalSection(SolutionProperties) = preSolution
		HideSolutionNode = FALSE
	EndGlobalSection
	GlobalSection(NestedProjects) = preSolution
		{65F3C9E3-DB9D-4469-A183-EC34E558621C} = {1821C660-299A-4BEE-8828-32911AE7F42F}
		{A5CEDA63-29C3-421F-A534-74F39E5A622D} = {1821C660-299A-4BEE-8828-32911AE7F42F}
		{1D8E0B30-0163-408D-AAA8-71832E840B9C} = {1821C660-299A-4BEE-8828-32911AE7F42F}
		{69E48C60-7A87-49DB-9F1D-1D813FBB79AD} = {1821C660-299A-4BEE-8828-32911AE7F42F}
	EndGlobalSection
	GlobalSection(ExtensibilityGlobals) = postSolution
		SolutionGuid = {273C5878-B555-43AB-BC78-7D158C43CE20}
	EndGlobalSection
	GlobalSection(SubversionScc) = preSolution
		Svn-Managed = True
		Manager = AnkhSVN - Subversion Support for Visual Studio
	EndGlobalSection
	GlobalSection(TestCaseManagementSettings) = postSolution
		CategoryFile = EmitMapper1.vsmdi
	EndGlobalSection
EndGlobal
