
Microsoft Visual Studio Solution File, Format Version 12.00
# Visual Studio 15
VisualStudioVersion = 15.0.27703.2047
MinimumVisualStudioVersion = 10.0.40219.1
Project("{2150E333-8FDC-42A3-9474-1A3956D46DE8}") = "Samples", "Samples", "{1821C660-299A-4BEE-8828-32911AE7F42F}"
EndProject
Project("{2150E333-8FDC-42A3-9474-1A3956D46DE8}") = "Mvc", "Mvc", "{75F3A083-3C58-4C55-B251-AF6C3FCC2FCB}"
EndProject
Project("{9A19103F-16F7-4668-BE54-9A1E7A4F7556}") = "EmitMapper.Core", "EmitMapper.Core\EmitMapper.Core.csproj", "{15D71B80-7D9A-4179-8241-7B6F4D0098B9}"
EndProject
Project("{9A19103F-16F7-4668-BE54-9A1E7A4F7556}") = "EmitMapperCore.Tests", "EmitMapperCore.Tests\EmitMapperCore.Tests.csproj", "{76CC89CC-5122-4047-BCC6-9DADD46EAC83}"
EndProject
Project("{9A19103F-16F7-4668-BE54-9A1E7A4F7556}") = "SamplesTests.Core", "SamplesTests.Core\SamplesTests.Core.csproj", "{C6131AB1-F7AE-4472-BFC3-FE0BD206A128}"
EndProject
Project("{9A19103F-16F7-4668-BE54-9A1E7A4F7556}") = "EmitMapper.Mvc.Net.Core", "EmitMapper.Mvc.Net.Core\EmitMapper.Mvc.Net.Core.csproj", "{9AE453A6-C491-4298-A6B2-DFF5BF24711A}"
EndProject
Project("{9A19103F-16F7-4668-BE54-9A1E7A4F7556}") = "Benchmarks.Core", "Samples\Benchmarks.Core\Benchmarks.Core.csproj", "{7D464CD7-0AB0-43ED-ADDF-7DCEF54610EB}"
EndProject
Project("{9A19103F-16F7-4668-BE54-9A1E7A4F7556}") = "EMConfigurations.Core", "Samples\EMConfigurations.Core\EMConfigurations.Core.csproj", "{AC325BB7-D58A-4A5C-98E5-64E24D62533D}"
EndProject
Project("{9A19103F-16F7-4668-BE54-9A1E7A4F7556}") = "LIghtDataAccess.Core", "Samples\LIghtDataAccess.Core\LIghtDataAccess.Core.csproj", "{E16C1AB0-7D26-4EAD-A93F-4EA3A03D9636}"
EndProject
Global
	GlobalSection(SolutionConfigurationPlatforms) = preSolution
		Debug|Any CPU = Debug|Any CPU
		Release|Any CPU = Release|Any CPU
	EndGlobalSection
	GlobalSection(ProjectConfigurationPlatforms) = postSolution
		{15D71B80-7D9A-4179-8241-7B6F4D0098B9}.Debug|Any CPU.ActiveCfg = Debug|Any CPU
		{15D71B80-7D9A-4179-8241-7B6F4D0098B9}.Debug|Any CPU.Build.0 = Debug|Any CPU
		{15D71B80-7D9A-4179-8241-7B6F4D0098B9}.Release|Any CPU.ActiveCfg = Release|Any CPU
		{15D71B80-7D9A-4179-8241-7B6F4D0098B9}.Release|Any CPU.Build.0 = Release|Any CPU
		{76CC89CC-5122-4047-BCC6-9DADD46EAC83}.Debug|Any CPU.ActiveCfg = Debug|Any CPU
		{76CC89CC-5122-4047-BCC6-9DADD46EAC83}.Debug|Any CPU.Build.0 = Debug|Any CPU
		{76CC89CC-5122-4047-BCC6-9DADD46EAC83}.Release|Any CPU.ActiveCfg = Release|Any CPU
		{76CC89CC-5122-4047-BCC6-9DADD46EAC83}.Release|Any CPU.Build.0 = Release|Any CPU
		{C6131AB1-F7AE-4472-BFC3-FE0BD206A128}.Debug|Any CPU.ActiveCfg = Debug|Any CPU
		{C6131AB1-F7AE-4472-BFC3-FE0BD206A128}.Debug|Any CPU.Build.0 = Debug|Any CPU
		{C6131AB1-F7AE-4472-BFC3-FE0BD206A128}.Release|Any CPU.ActiveCfg = Release|Any CPU
		{C6131AB1-F7AE-4472-BFC3-FE0BD206A128}.Release|Any CPU.Build.0 = Release|Any CPU
		{9AE453A6-C491-4298-A6B2-DFF5BF24711A}.Debug|Any CPU.ActiveCfg = Debug|Any CPU
		{9AE453A6-C491-4298-A6B2-DFF5BF24711A}.Debug|Any CPU.Build.0 = Debug|Any CPU
		{9AE453A6-C491-4298-A6B2-DFF5BF24711A}.Release|Any CPU.ActiveCfg = Release|Any CPU
		{9AE453A6-C491-4298-A6B2-DFF5BF24711A}.Release|Any CPU.Build.0 = Release|Any CPU
		{7D464CD7-0AB0-43ED-ADDF-7DCEF54610EB}.Debug|Any CPU.ActiveCfg = Debug|Any CPU
		{7D464CD7-0AB0-43ED-ADDF-7DCEF54610EB}.Debug|Any CPU.Build.0 = Debug|Any CPU
		{7D464CD7-0AB0-43ED-ADDF-7DCEF54610EB}.Release|Any CPU.ActiveCfg = Release|Any CPU
		{7D464CD7-0AB0-43ED-ADDF-7DCEF54610EB}.Release|Any CPU.Build.0 = Release|Any CPU
		{AC325BB7-D58A-4A5C-98E5-64E24D62533D}.Debug|Any CPU.ActiveCfg = Debug|Any CPU
		{AC325BB7-D58A-4A5C-98E5-64E24D62533D}.Debug|Any CPU.Build.0 = Debug|Any CPU
		{AC325BB7-D58A-4A5C-98E5-64E24D62533D}.Release|Any CPU.ActiveCfg = Release|Any CPU
		{AC325BB7-D58A-4A5C-98E5-64E24D62533D}.Release|Any CPU.Build.0 = Release|Any CPU
		{E16C1AB0-7D26-4EAD-A93F-4EA3A03D9636}.Debug|Any CPU.ActiveCfg = Debug|Any CPU
		{E16C1AB0-7D26-4EAD-A93F-4EA3A03D9636}.Debug|Any CPU.Build.0 = Debug|Any CPU
		{E16C1AB0-7D26-4EAD-A93F-4EA3A03D9636}.Release|Any CPU.ActiveCfg = Release|Any CPU
		{E16C1AB0-7D26-4EAD-A93F-4EA3A03D9636}.Release|Any CPU.Build.0 = Release|Any CPU
	EndGlobalSection
	GlobalSection(SolutionProperties) = preSolution
		HideSolutionNode = FALSE
	EndGlobalSection
	GlobalSection(NestedProjects) = preSolution
		{75F3A083-3C58-4C55-B251-AF6C3FCC2FCB} = {1821C660-299A-4BEE-8828-32911AE7F42F}
		{C6131AB1-F7AE-4472-BFC3-FE0BD206A128} = {1821C660-299A-4BEE-8828-32911AE7F42F}
		{9AE453A6-C491-4298-A6B2-DFF5BF24711A} = {75F3A083-3C58-4C55-B251-AF6C3FCC2FCB}
		{7D464CD7-0AB0-43ED-ADDF-7DCEF54610EB} = {1821C660-299A-4BEE-8828-32911AE7F42F}
		{AC325BB7-D58A-4A5C-98E5-64E24D62533D} = {1821C660-299A-4BEE-8828-32911AE7F42F}
		{E16C1AB0-7D26-4EAD-A93F-4EA3A03D9636} = {1821C660-299A-4BEE-8828-32911AE7F42F}
	EndGlobalSection
	GlobalSection(ExtensibilityGlobals) = postSolution
		SolutionGuid = {986D71D8-404A-40D9-8C0D-96E07D20F597}
	EndGlobalSection
	GlobalSection(SubversionScc) = preSolution
		Svn-Managed = True
		Manager = AnkhSVN - Subversion Support for Visual Studio
	EndGlobalSection
	GlobalSection(TestCaseManagementSettings) = postSolution
		CategoryFile = EmitMapper1.vsmdi
	EndGlobalSection
EndGlobal
